
Microsoft Visual Studio Solution File, Format Version 12.00
# Visual Studio Version 17
VisualStudioVersion = 17.9.34728.123
MinimumVisualStudioVersion = 10.0.40219.1
Project("{9A19103F-16F7-4668-BE54-9A1E7A4F7556}") = "LongPathTest.net481", "LongPathTest.net481\LongPathTest.net481.csproj", "{B047EE5D-08DF-4E21-A771-C77376C837A8}"
EndProject
Project("{FAE04EC0-301F-11D3-BF4B-00C04F79EFBC}") = "LongPathTest.net8", "LongPathTest.net8\LongPathTest.net8.csproj", "{ACA05BC6-4F9D-42D9-8057-9A86DDBD8849}"
EndProject
Global
	GlobalSection(SolutionConfigurationPlatforms) = preSolution
		Debug|Any CPU = Debug|Any CPU
		Release|Any CPU = Release|Any CPU
	EndGlobalSection
	GlobalSection(ProjectConfigurationPlatforms) = postSolution
		{B047EE5D-08DF-4E21-A771-C77376C837A8}.Debug|Any CPU.ActiveCfg = Debug|Any CPU
		{B047EE5D-08DF-4E21-A771-C77376C837A8}.Debug|Any CPU.Build.0 = Debug|Any CPU
		{B047EE5D-08DF-4E21-A771-C77376C837A8}.Release|Any CPU.ActiveCfg = Release|Any CPU
		{B047EE5D-08DF-4E21-A771-C77376C837A8}.Release|Any CPU.Build.0 = Release|Any CPU
		{ACA05BC6-4F9D-42D9-8057-9A86DDBD8849}.Debug|Any CPU.ActiveCfg = Debug|Any CPU
		{ACA05BC6-4F9D-42D9-8057-9A86DDBD8849}.Debug|Any CPU.Build.0 = Debug|Any CPU
		{ACA05BC6-4F9D-42D9-8057-9A86DDBD8849}.Release|Any CPU.ActiveCfg = Release|Any CPU
		{ACA05BC6-4F9D-42D9-8057-9A86DDBD8849}.Release|Any CPU.Build.0 = Release|Any CPU
	EndGlobalSection
	GlobalSection(SolutionProperties) = preSolution
		HideSolutionNode = FALSE
	EndGlobalSection
	GlobalSection(ExtensibilityGlobals) = postSolution
		SolutionGuid = {52CA78D7-3479-499D-8389-0ECEC4389021}
	EndGlobalSection
EndGlobal
